
Microsoft Visual Studio Solution File, Format Version 12.00
# Visual Studio Version 17
VisualStudioVersion = 17.11.35312.102
MinimumVisualStudioVersion = 10.0.40219.1
Project("{FAE04EC0-301F-11D3-BF4B-00C04F79EFBC}") = "Domain", "src\Domain\Domain.csproj", "{E79494D3-D004-4B1B-8414-C62E28EA5A58}"
EndProject
Project("{FAE04EC0-301F-11D3-BF4B-00C04F79EFBC}") = "Application", "src\Application\Application.csproj", "{5781E921-6082-407C-A78A-1504DB43FB9E}"
EndProject
Project("{FAE04EC0-301F-11D3-BF4B-00C04F79EFBC}") = "Infrastructure", "src\Infrastructure\Infrastructure.csproj", "{7959B4BC-42E4-4124-9E2E-CEE387EC5176}"
EndProject
Project("{FAE04EC0-301F-11D3-BF4B-00C04F79EFBC}") = "Api", "src\Presentation\Api\Api.csproj", "{7C20CA55-9D48-402C-A06D-6F055CF52C64}"
EndProject
Project("{FAE04EC0-301F-11D3-BF4B-00C04F79EFBC}") = "UI", "src\Presentation\UI\UI.csproj", "{EC169CB7-8D28-486E-82F2-F85CFEFBDF4D}"
EndProject
Project("{2150E333-8FDC-42A3-9474-1A3956D46DE8}") = "src", "src", "{02EA681E-C7D8-13C7-8484-4AC65E1B71E8}"
EndProject
Project("{2150E333-8FDC-42A3-9474-1A3956D46DE8}") = "Application", "Application", "{5E894E2D-6B02-4341-A11A-32FC10B44715}"
EndProject
Project("{2150E333-8FDC-42A3-9474-1A3956D46DE8}") = "Domain", "Domain", "{23E83D7F-1F8E-45B2-88C4-C1A849253AA8}"
EndProject
Project("{2150E333-8FDC-42A3-9474-1A3956D46DE8}") = "Infrastructure", "Infrastructure", "{FB36BF4B-B9AC-4E33-BB18-0B537229E489}"
EndProject
Project("{2150E333-8FDC-42A3-9474-1A3956D46DE8}") = "Presentation", "Presentation", "{FA735BDA-C023-43DC-8C6D-50F677727E69}"
EndProject
Project("{2150E333-8FDC-42A3-9474-1A3956D46DE8}") = "Api", "Api", "{6CE962C5-8B94-47D4-B4E2-1F95B9CD2B10}"
EndProject
Project("{2150E333-8FDC-42A3-9474-1A3956D46DE8}") = "UI", "UI", "{294F27F2-213E-497E-B4E3-2170A096B2BB}"
EndProject
Project("{2150E333-8FDC-42A3-9474-1A3956D46DE8}") = "test", "test", "{953EFFA2-42AE-4485-B448-143EE891EFB8}"
EndProject
Project("{2150E333-8FDC-42A3-9474-1A3956D46DE8}") = "UnitTests", "UnitTests", "{2E952E49-12AC-412A-B6E2-A22F31B17137}"
EndProject
Project("{2150E333-8FDC-42A3-9474-1A3956D46DE8}") = "IntegrationTests", "IntegrationTests", "{66E0653D-247B-4C53-B196-036ACC7DF1FA}"
EndProject
Project("{FAE04EC0-301F-11D3-BF4B-00C04F79EFBC}") = "IntegrationTests", "test\IntegrationTests\IntegrationTests.csproj", "{11BB9108-971D-45DA-B792-7865E7BF6513}"
EndProject
Project("{FAE04EC0-301F-11D3-BF4B-00C04F79EFBC}") = "UnitTests", "test\UnitTests\UnitTests.csproj", "{6686F440-AD0F-4C46-B590-CC603C3D7CCA}"
EndProject
Global
	GlobalSection(SolutionConfigurationPlatforms) = preSolution
		Debug|Any CPU = Debug|Any CPU
		Release|Any CPU = Release|Any CPU
	EndGlobalSection
	GlobalSection(ProjectConfigurationPlatforms) = postSolution
		{E79494D3-D004-4B1B-8414-C62E28EA5A58}.Debug|Any CPU.ActiveCfg = Debug|Any CPU
		{E79494D3-D004-4B1B-8414-C62E28EA5A58}.Debug|Any CPU.Build.0 = Debug|Any CPU
		{E79494D3-D004-4B1B-8414-C62E28EA5A58}.Release|Any CPU.ActiveCfg = Release|Any CPU
		{E79494D3-D004-4B1B-8414-C62E28EA5A58}.Release|Any CPU.Build.0 = Release|Any CPU
		{5781E921-6082-407C-A78A-1504DB43FB9E}.Debug|Any CPU.ActiveCfg = Debug|Any CPU
		{5781E921-6082-407C-A78A-1504DB43FB9E}.Debug|Any CPU.Build.0 = Debug|Any CPU
		{5781E921-6082-407C-A78A-1504DB43FB9E}.Release|Any CPU.ActiveCfg = Release|Any CPU
		{5781E921-6082-407C-A78A-1504DB43FB9E}.Release|Any CPU.Build.0 = Release|Any CPU
		{7959B4BC-42E4-4124-9E2E-CEE387EC5176}.Debug|Any CPU.ActiveCfg = Debug|Any CPU
		{7959B4BC-42E4-4124-9E2E-CEE387EC5176}.Debug|Any CPU.Build.0 = Debug|Any CPU
		{7959B4BC-42E4-4124-9E2E-CEE387EC5176}.Release|Any CPU.ActiveCfg = Release|Any CPU
		{7959B4BC-42E4-4124-9E2E-CEE387EC5176}.Release|Any CPU.Build.0 = Release|Any CPU
		{7C20CA55-9D48-402C-A06D-6F055CF52C64}.Debug|Any CPU.ActiveCfg = Debug|Any CPU
		{7C20CA55-9D48-402C-A06D-6F055CF52C64}.Debug|Any CPU.Build.0 = Debug|Any CPU
		{7C20CA55-9D48-402C-A06D-6F055CF52C64}.Release|Any CPU.ActiveCfg = Release|Any CPU
		{7C20CA55-9D48-402C-A06D-6F055CF52C64}.Release|Any CPU.Build.0 = Release|Any CPU
		{EC169CB7-8D28-486E-82F2-F85CFEFBDF4D}.Debug|Any CPU.ActiveCfg = Debug|Any CPU
		{EC169CB7-8D28-486E-82F2-F85CFEFBDF4D}.Debug|Any CPU.Build.0 = Debug|Any CPU
		{EC169CB7-8D28-486E-82F2-F85CFEFBDF4D}.Release|Any CPU.ActiveCfg = Release|Any CPU
		{EC169CB7-8D28-486E-82F2-F85CFEFBDF4D}.Release|Any CPU.Build.0 = Release|Any CPU
		{11BB9108-971D-45DA-B792-7865E7BF6513}.Debug|Any CPU.ActiveCfg = Debug|Any CPU
		{11BB9108-971D-45DA-B792-7865E7BF6513}.Debug|Any CPU.Build.0 = Debug|Any CPU
		{11BB9108-971D-45DA-B792-7865E7BF6513}.Release|Any CPU.ActiveCfg = Release|Any CPU
		{11BB9108-971D-45DA-B792-7865E7BF6513}.Release|Any CPU.Build.0 = Release|Any CPU
		{6686F440-AD0F-4C46-B590-CC603C3D7CCA}.Debug|Any CPU.ActiveCfg = Debug|Any CPU
		{6686F440-AD0F-4C46-B590-CC603C3D7CCA}.Debug|Any CPU.Build.0 = Debug|Any CPU
		{6686F440-AD0F-4C46-B590-CC603C3D7CCA}.Release|Any CPU.ActiveCfg = Release|Any CPU
		{6686F440-AD0F-4C46-B590-CC603C3D7CCA}.Release|Any CPU.Build.0 = Release|Any CPU
	EndGlobalSection
	GlobalSection(SolutionProperties) = preSolution
		HideSolutionNode = FALSE
	EndGlobalSection
	GlobalSection(NestedProjects) = preSolution
		{E79494D3-D004-4B1B-8414-C62E28EA5A58} = {23E83D7F-1F8E-45B2-88C4-C1A849253AA8}
		{5781E921-6082-407C-A78A-1504DB43FB9E} = {5E894E2D-6B02-4341-A11A-32FC10B44715}
		{7959B4BC-42E4-4124-9E2E-CEE387EC5176} = {FB36BF4B-B9AC-4E33-BB18-0B537229E489}
		{7C20CA55-9D48-402C-A06D-6F055CF52C64} = {6CE962C5-8B94-47D4-B4E2-1F95B9CD2B10}
		{EC169CB7-8D28-486E-82F2-F85CFEFBDF4D} = {294F27F2-213E-497E-B4E3-2170A096B2BB}
		{5E894E2D-6B02-4341-A11A-32FC10B44715} = {02EA681E-C7D8-13C7-8484-4AC65E1B71E8}
		{23E83D7F-1F8E-45B2-88C4-C1A849253AA8} = {02EA681E-C7D8-13C7-8484-4AC65E1B71E8}
		{FB36BF4B-B9AC-4E33-BB18-0B537229E489} = {02EA681E-C7D8-13C7-8484-4AC65E1B71E8}
		{FA735BDA-C023-43DC-8C6D-50F677727E69} = {02EA681E-C7D8-13C7-8484-4AC65E1B71E8}
		{6CE962C5-8B94-47D4-B4E2-1F95B9CD2B10} = {FA735BDA-C023-43DC-8C6D-50F677727E69}
		{294F27F2-213E-497E-B4E3-2170A096B2BB} = {FA735BDA-C023-43DC-8C6D-50F677727E69}
		{2E952E49-12AC-412A-B6E2-A22F31B17137} = {953EFFA2-42AE-4485-B448-143EE891EFB8}
		{66E0653D-247B-4C53-B196-036ACC7DF1FA} = {953EFFA2-42AE-4485-B448-143EE891EFB8}
		{11BB9108-971D-45DA-B792-7865E7BF6513} = {66E0653D-247B-4C53-B196-036ACC7DF1FA}
		{6686F440-AD0F-4C46-B590-CC603C3D7CCA} = {2E952E49-12AC-412A-B6E2-A22F31B17137}
	EndGlobalSection
	GlobalSection(ExtensibilityGlobals) = postSolution
		SolutionGuid = {FAC7E00B-6336-467D-A301-1316EB1E3C7B}
	EndGlobalSection
EndGlobal
